
Microsoft Visual Studio Solution File, Format Version 12.00
# Visual Studio 15
VisualStudioVersion = 15.0.28010.2016
MinimumVisualStudioVersion = 10.0.40219.1
Project("{FAE04EC0-301F-11D3-BF4B-00C04F79EFBC}") = "DealerDatabase", "DealerDatabase\DealerDatabase.csproj", "{A836BCFF-F111-4BBB-A587-C9C8BEDD9DFC}"
EndProject
Project("{FAE04EC0-301F-11D3-BF4B-00C04F79EFBC}") = "Dealership", "Dealership\Dealership.csproj", "{8A6EBE5E-AF22-4AED-A222-9D78AED49A01}"
EndProject
Global
	GlobalSection(SolutionConfigurationPlatforms) = preSolution
		Debug|Any CPU = Debug|Any CPU
		Release|Any CPU = Release|Any CPU
	EndGlobalSection
	GlobalSection(ProjectConfigurationPlatforms) = postSolution
		{A836BCFF-F111-4BBB-A587-C9C8BEDD9DFC}.Debug|Any CPU.ActiveCfg = Debug|Any CPU
		{A836BCFF-F111-4BBB-A587-C9C8BEDD9DFC}.Debug|Any CPU.Build.0 = Debug|Any CPU
		{A836BCFF-F111-4BBB-A587-C9C8BEDD9DFC}.Release|Any CPU.ActiveCfg = Release|Any CPU
		{A836BCFF-F111-4BBB-A587-C9C8BEDD9DFC}.Release|Any CPU.Build.0 = Release|Any CPU
		{8A6EBE5E-AF22-4AED-A222-9D78AED49A01}.Debug|Any CPU.ActiveCfg = Debug|Any CPU
		{8A6EBE5E-AF22-4AED-A222-9D78AED49A01}.Debug|Any CPU.Build.0 = Debug|Any CPU
		{8A6EBE5E-AF22-4AED-A222-9D78AED49A01}.Release|Any CPU.ActiveCfg = Release|Any CPU
		{8A6EBE5E-AF22-4AED-A222-9D78AED49A01}.Release|Any CPU.Build.0 = Release|Any CPU
	EndGlobalSection
	GlobalSection(SolutionProperties) = preSolution
		HideSolutionNode = FALSE
	EndGlobalSection
	GlobalSection(ExtensibilityGlobals) = postSolution
		SolutionGuid = {CD45DFFD-DC0E-4A07-A82F-E71E104D8713}
	EndGlobalSection
EndGlobal
